
Microsoft Visual Studio Solution File, Format Version 12.00
# Visual Studio Version 16
VisualStudioVersion = 16.0.31313.79
MinimumVisualStudioVersion = 10.0.40219.1
Project("{FAE04EC0-301F-11D3-BF4B-00C04F79EFBC}") = "tictactoe", "tictactoe\tictactoe.csproj", "{82622E26-3076-4B4C-A362-96BB6BF450E2}"
EndProject
Global
	GlobalSection(SolutionConfigurationPlatforms) = preSolution
		Debug|Any CPU = Debug|Any CPU
		Release|Any CPU = Release|Any CPU
	EndGlobalSection
	GlobalSection(ProjectConfigurationPlatforms) = postSolution
		{82622E26-3076-4B4C-A362-96BB6BF450E2}.Debug|Any CPU.ActiveCfg = Debug|Any CPU
		{82622E26-3076-4B4C-A362-96BB6BF450E2}.Debug|Any CPU.Build.0 = Debug|Any CPU
		{82622E26-3076-4B4C-A362-96BB6BF450E2}.Release|Any CPU.ActiveCfg = Release|Any CPU
		{82622E26-3076-4B4C-A362-96BB6BF450E2}.Release|Any CPU.Build.0 = Release|Any CPU
	EndGlobalSection
	GlobalSection(SolutionProperties) = preSolution
		HideSolutionNode = FALSE
	EndGlobalSection
	GlobalSection(ExtensibilityGlobals) = postSolution
		SolutionGuid = {5148E3E4-0749-4B89-9FDF-5543980DA6CB}
	EndGlobalSection
EndGlobal
